
Microsoft Visual Studio Solution File, Format Version 12.00
# Visual Studio Version 17
VisualStudioVersion = 17.12.35527.113 d17.12
MinimumVisualStudioVersion = 10.0.40219.1
Project("{FAE04EC0-301F-11D3-BF4B-00C04F79EFBC}") = "assignment6oop", "assignment6oop\assignment6oop.csproj", "{B7C43DD3-AEDB-4B9A-94F4-C9D655BADA5A}"
EndProject
Global
	GlobalSection(SolutionConfigurationPlatforms) = preSolution
		Debug|Any CPU = Debug|Any CPU
		Release|Any CPU = Release|Any CPU
	EndGlobalSection
	GlobalSection(ProjectConfigurationPlatforms) = postSolution
		{B7C43DD3-AEDB-4B9A-94F4-C9D655BADA5A}.Debug|Any CPU.ActiveCfg = Debug|Any CPU
		{B7C43DD3-AEDB-4B9A-94F4-C9D655BADA5A}.Debug|Any CPU.Build.0 = Debug|Any CPU
		{B7C43DD3-AEDB-4B9A-94F4-C9D655BADA5A}.Release|Any CPU.ActiveCfg = Release|Any CPU
		{B7C43DD3-AEDB-4B9A-94F4-C9D655BADA5A}.Release|Any CPU.Build.0 = Release|Any CPU
	EndGlobalSection
	GlobalSection(SolutionProperties) = preSolution
		HideSolutionNode = FALSE
	EndGlobalSection
EndGlobal
